
Microsoft Visual Studio Solution File, Format Version 12.00
# Visual Studio Version 16
VisualStudioVersion = 16.0.28729.10
MinimumVisualStudioVersion = 10.0.40219.1
Project("{FAE04EC0-301F-11D3-BF4B-00C04F79EFBC}") = "Sarmat-worm V1.2", "Sarmat-worm V1.2\Sarmat-worm V1.2.csproj", "{8551A35A-CF33-4F10-89AA-DD50FA86E293}"
EndProject
Global
	GlobalSection(SolutionConfigurationPlatforms) = preSolution
		Debug|Any CPU = Debug|Any CPU
		Debug|Mixed Platforms = Debug|Mixed Platforms
		Debug|x86 = Debug|x86
		Release|Any CPU = Release|Any CPU
		Release|Mixed Platforms = Release|Mixed Platforms
		Release|x86 = Release|x86
	EndGlobalSection
	GlobalSection(ProjectConfigurationPlatforms) = postSolution
		{8551A35A-CF33-4F10-89AA-DD50FA86E293}.Debug|Any CPU.ActiveCfg = Debug|x86
		{8551A35A-CF33-4F10-89AA-DD50FA86E293}.Debug|Any CPU.Build.0 = Debug|x86
		{8551A35A-CF33-4F10-89AA-DD50FA86E293}.Debug|Mixed Platforms.ActiveCfg = Debug|x86
		{8551A35A-CF33-4F10-89AA-DD50FA86E293}.Debug|Mixed Platforms.Build.0 = Debug|x86
		{8551A35A-CF33-4F10-89AA-DD50FA86E293}.Debug|x86.ActiveCfg = Debug|x86
		{8551A35A-CF33-4F10-89AA-DD50FA86E293}.Debug|x86.Build.0 = Debug|x86
		{8551A35A-CF33-4F10-89AA-DD50FA86E293}.Release|Any CPU.ActiveCfg = Release|x86
		{8551A35A-CF33-4F10-89AA-DD50FA86E293}.Release|Any CPU.Build.0 = Release|x86
		{8551A35A-CF33-4F10-89AA-DD50FA86E293}.Release|Mixed Platforms.ActiveCfg = Release|x86
		{8551A35A-CF33-4F10-89AA-DD50FA86E293}.Release|Mixed Platforms.Build.0 = Release|x86
		{8551A35A-CF33-4F10-89AA-DD50FA86E293}.Release|x86.ActiveCfg = Release|x86
		{8551A35A-CF33-4F10-89AA-DD50FA86E293}.Release|x86.Build.0 = Release|x86
	EndGlobalSection
	GlobalSection(SolutionProperties) = preSolution
		HideSolutionNode = FALSE
	EndGlobalSection
EndGlobal
